
Microsoft Visual Studio Solution File, Format Version 12.00
# Visual Studio Version 17
VisualStudioVersion = 17.14.36202.13 d17.14
MinimumVisualStudioVersion = 10.0.40219.1
Project("{FAE04EC0-301F-11D3-BF4B-00C04F79EFBC}") = "SMMS", "SMMS\SMMS.csproj", "{B33545F4-22CE-4445-BE94-36853E31833E}"
EndProject
Global
	GlobalSection(SolutionConfigurationPlatforms) = preSolution
		Debug|Any CPU = Debug|Any CPU
		Release|Any CPU = Release|Any CPU
	EndGlobalSection
	GlobalSection(ProjectConfigurationPlatforms) = postSolution
		{B33545F4-22CE-4445-BE94-36853E31833E}.Debug|Any CPU.ActiveCfg = Debug|Any CPU
		{B33545F4-22CE-4445-BE94-36853E31833E}.Debug|Any CPU.Build.0 = Debug|Any CPU
		{B33545F4-22CE-4445-BE94-36853E31833E}.Release|Any CPU.ActiveCfg = Release|Any CPU
		{B33545F4-22CE-4445-BE94-36853E31833E}.Release|Any CPU.Build.0 = Release|Any CPU
	EndGlobalSection
	GlobalSection(SolutionProperties) = preSolution
		HideSolutionNode = FALSE
	EndGlobalSection
	GlobalSection(ExtensibilityGlobals) = postSolution
		SolutionGuid = {EDD1B3B3-9301-44F5-B188-61E9CC6F8FC1}
	EndGlobalSection
EndGlobal
